{
	"name": "@dddl/eda-inmemory",
	"version": "1.0.25",
	"lockfileVersion": 1,
	"requires": true,
	"dependencies": {
		"jest-mock-extended": {
			"version": "github:Dionid/jest-mock-extended#80f9775600c647835c8e4e74709c0487bde5156e",
			"from": "github:Dionid/jest-mock-extended",
			"dev": true,
			"requires": {
				"ts-essentials": "^4.0.0"
			}
		},
		"ts-essentials": {
			"version": "4.0.0",
			"resolved": "https://registry.npmjs.org/ts-essentials/-/ts-essentials-4.0.0.tgz",
			"integrity": "sha512-uQJX+SRY9mtbKU+g9kl5Fi7AEMofPCvHfJkQlaygpPmHPZrtgaBqbWFOYyiA47RhnSwwnXdepUJrgqUYxoUyhQ==",
			"dev": true
		},
		"typedi": {
			"version": "0.8.0",
			"resolved": "https://registry.npmjs.org/typedi/-/typedi-0.8.0.tgz",
			"integrity": "sha512-/c7Bxnm6eh5kXx2I+mTuO+2OvoWni5+rXA3PhXwVWCtJRYmz3hMok5s1AKLzoDvNAZqj/Q/acGstN0ri5aQoOA=="
		}
	}
}
